
Microsoft Visual Studio Solution File, Format Version 12.00
# Visual Studio Version 16
VisualStudioVersion = 16.0.31624.102
MinimumVisualStudioVersion = 10.0.40219.1
Project("{8BC9CEB8-8B4A-11D0-8D11-00A0C91BC942}") = "INNOVATION-Tic-Tac-Toe-Game", "INNOVATION-Tic-Tac-Toe-Game\INNOVATION-Tic-Tac-Toe-Game.vcxproj", "{068E05AF-4EB4-4FE6-ADD5-1001BEC2B025}"
EndProject
Global
	GlobalSection(SolutionConfigurationPlatforms) = preSolution
		Debug|x64 = Debug|x64
		Debug|x86 = Debug|x86
		Release|x64 = Release|x64
		Release|x86 = Release|x86
	EndGlobalSection
	GlobalSection(ProjectConfigurationPlatforms) = postSolution
		{068E05AF-4EB4-4FE6-ADD5-1001BEC2B025}.Debug|x64.ActiveCfg = Debug|x64
		{068E05AF-4EB4-4FE6-ADD5-1001BEC2B025}.Debug|x64.Build.0 = Debug|x64
		{068E05AF-4EB4-4FE6-ADD5-1001BEC2B025}.Debug|x86.ActiveCfg = Debug|Win32
		{068E05AF-4EB4-4FE6-ADD5-1001BEC2B025}.Debug|x86.Build.0 = Debug|Win32
		{068E05AF-4EB4-4FE6-ADD5-1001BEC2B025}.Release|x64.ActiveCfg = Release|x64
		{068E05AF-4EB4-4FE6-ADD5-1001BEC2B025}.Release|x64.Build.0 = Release|x64
		{068E05AF-4EB4-4FE6-ADD5-1001BEC2B025}.Release|x86.ActiveCfg = Release|Win32
		{068E05AF-4EB4-4FE6-ADD5-1001BEC2B025}.Release|x86.Build.0 = Release|Win32
	EndGlobalSection
	GlobalSection(SolutionProperties) = preSolution
		HideSolutionNode = FALSE
	EndGlobalSection
	GlobalSection(ExtensibilityGlobals) = postSolution
		SolutionGuid = {341FD46E-446F-474B-8459-3FC06CE778C5}
	EndGlobalSection
EndGlobal
